{
  "requires": true,
  "lockfileVersion": 1,
  "dependencies": {
    "@webassemblyjs/ast": {
      "version": "1.8.5",
      "resolved": "https://registry.npm.taobao.org/@webassemblyjs/ast/download/@webassemblyjs/ast-1.8.5.tgz?cache=0&sync_timestamp=1580599461432&other_urls=https%3A%2F%2Fregistry.npm.taobao.org%2F%40webassemblyjs%2Fast%2Fdownload%2F%40webassemblyjs%2Fast-1.8.5.tgz",
      "integrity": "sha1-UbHF/mV2o0lTv0slPfnw1JDZ41k=",
      "dev": true,
      "requires": {
        "@webassemblyjs/helper-module-context": "1.8.5",
        "@webassemblyjs/helper-wasm-bytecode": "1.8.5",
        "@webassemblyjs/wast-parser": "1.8.5"
      }
    },
    "@webassemblyjs/floating-point-hex-parser": {
      "version": "1.8.5",
      "resolved": "https://registry.npm.taobao.org/@webassemblyjs/floating-point-hex-parser/download/@webassemblyjs/floating-point-hex-parser-1.8.5.tgz?cache=0&other_urls=https%3A%2F%2Fregistry.npm.taobao.org%2F%40webassemblyjs%2Ffloating-point-hex-parser%2Fdownload%2F%40webassemblyjs%2Ffloating-point-hex-parser-1.8.5.tgz",
      "integrity": "sha1-G6kmopI2E+3OSW/VsC6M6KX0lyE=",
      "dev": true
    },
    "@webassemblyjs/helper-api-error": {
      "version": "1.8.5",
      "resolved": "https://registry.npm.taobao.org/@webassemblyjs/helper-api-error/download/@webassemblyjs/helper-api-error-1.8.5.tgz?cache=0&other_urls=https%3A%2F%2Fregistry.npm.taobao.org%2F%40webassemblyjs%2Fhelper-api-error%2Fdownload%2F%40webassemblyjs%2Fhelper-api-error-1.8.5.tgz",
      "integrity": "sha1-xJ2tIvZFInxe22EL25aX8aq3Ifc=",
      "dev": true
    },
    "@webassemblyjs/helper-code-frame": {
      "version": "1.8.5",
      "resolved": "https://registry.npm.taobao.org/@webassemblyjs/helper-code-frame/download/@webassemblyjs/helper-code-frame-1.8.5.tgz",
      "integrity": "sha1-mnQP9I4/qjAisd/1RCPfmqKTwl4=",
      "dev": true,
      "requires": {
        "@webassemblyjs/wast-printer": "1.8.5"
      }
    },
    "@webassemblyjs/helper-fsm": {
      "version": "1.8.5",
      "resolved": "https://registry.npm.taobao.org/@webassemblyjs/helper-fsm/download/@webassemblyjs/helper-fsm-1.8.5.tgz?cache=0&sync_timestamp=1580599471846&other_urls=https%3A%2F%2Fregistry.npm.taobao.org%2F%40webassemblyjs%2Fhelper-fsm%2Fdownload%2F%40webassemblyjs%2Fhelper-fsm-1.8.5.tgz",
      "integrity": "sha1-ugt9Oz9+RzPaYFnJMyJ12GBwJFI=",
      "dev": true
    },
    "@webassemblyjs/helper-module-context": {
      "version": "1.8.5",
      "resolved": "https://registry.npm.taobao.org/@webassemblyjs/helper-module-context/download/@webassemblyjs/helper-module-context-1.8.5.tgz",
      "integrity": "sha1-3vS5knsBAdyMu9jR7bW3ucguskU=",
      "dev": true,
      "requires": {
        "@webassemblyjs/ast": "1.8.5",
        "mamacro": "^0.0.3"
      }
    },
    "@webassemblyjs/helper-wasm-bytecode": {
      "version": "1.8.5",
      "resolved": "https://registry.npm.taobao.org/@webassemblyjs/helper-wasm-bytecode/download/@webassemblyjs/helper-wasm-bytecode-1.8.5.tgz?cache=0&sync_timestamp=1580600708901&other_urls=https%3A%2F%2Fregistry.npm.taobao.org%2F%40webassemblyjs%2Fhelper-wasm-bytecode%2Fdownload%2F%40webassemblyjs%2Fhelper-wasm-bytecode-1.8.5.tgz",
      "integrity": "sha1-U3p1Dt31weky83RCBlUckcG5PmE=",
      "dev": true
    },
    "@webassemblyjs/wast-parser": {
      "version": "1.8.5",
      "resolved": "https://registry.npm.taobao.org/@webassemblyjs/wast-parser/download/@webassemblyjs/wast-parser-1.8.5.tgz?cache=0&other_urls=https%3A%2F%2Fregistry.npm.taobao.org%2F%40webassemblyjs%2Fwast-parser%2Fdownload%2F%40webassemblyjs%2Fwast-parser-1.8.5.tgz",
      "integrity": "sha1-4Q7s1ULQ5705T2gnxJ899tTu+4w=",
      "dev": true,
      "requires": {
        "@webassemblyjs/ast": "1.8.5",
        "@webassemblyjs/floating-point-hex-parser": "1.8.5",
        "@webassemblyjs/helper-api-error": "1.8.5",
        "@webassemblyjs/helper-code-frame": "1.8.5",
        "@webassemblyjs/helper-fsm": "1.8.5",
        "@xtuc/long": "4.2.2"
      }
    },
    "@webassemblyjs/wast-printer": {
      "version": "1.8.5",
      "resolved": "https://registry.npm.taobao.org/@webassemblyjs/wast-printer/download/@webassemblyjs/wast-printer-1.8.5.tgz",
      "integrity": "sha1-EUu8SB/RDKDiOzVg+oEnSLC65bw=",
      "dev": true,
      "requires": {
        "@webassemblyjs/ast": "1.8.5",
        "@webassemblyjs/wast-parser": "1.8.5",
        "@xtuc/long": "4.2.2"
      }
    },
    "@xtuc/long": {
      "version": "4.2.2",
      "resolved": "https://registry.npm.taobao.org/@xtuc/long/download/@xtuc/long-4.2.2.tgz",
      "integrity": "sha1-0pHGpOl5ibXGHZrPOWrk/hM6cY0=",
      "dev": true
    },
    "axios": {
      "version": "0.19.2",
      "resolved": "https://registry.npm.taobao.org/axios/download/axios-0.19.2.tgz",
      "integrity": "sha1-PqNsXYgY0NX4qKl6bTa4bNwAyyc=",
      "dev": true,
      "requires": {
        "follow-redirects": "1.5.10"
      }
    },
    "follow-redirects": {
      "version": "1.5.10",
      "resolved": "https://registry.npm.taobao.org/follow-redirects/download/follow-redirects-1.5.10.tgz?cache=0&sync_timestamp=1580082237027&other_urls=https%3A%2F%2Fregistry.npm.taobao.org%2Ffollow-redirects%2Fdownload%2Ffollow-redirects-1.5.10.tgz",
      "integrity": "sha1-e3qfmuov3/NnhqlP9kPtB/T/Xio=",
      "dev": true,
      "requires": {
        "debug": "=3.1.0"
      },
      "dependencies": {
        "debug": {
          "version": "3.1.0",
          "resolved": "https://registry.npm.taobao.org/debug/download/debug-3.1.0.tgz?cache=0&other_urls=https%3A%2F%2Fregistry.npm.taobao.org%2Fdebug%2Fdownload%2Fdebug-3.1.0.tgz",
          "integrity": "sha1-W7WgZyYotkFJVmuhaBnmFRjGcmE=",
          "dev": true,
          "requires": {
            "ms": "2.0.0"
          }
        }
      }
    },
    "mamacro": {
      "version": "0.0.3",
      "resolved": "https://registry.npm.taobao.org/mamacro/download/mamacro-0.0.3.tgz",
      "integrity": "sha1-rSyVdhl8nxq/MI0Hh4Zb2XWj8+Q=",
      "dev": true
    },
    "ms": {
      "version": "2.0.0",
      "resolved": "https://registry.npm.taobao.org/ms/download/ms-2.0.0.tgz?cache=0&sync_timestamp=1575472461218&other_urls=https%3A%2F%2Fregistry.npm.taobao.org%2Fms%2Fdownload%2Fms-2.0.0.tgz",
      "integrity": "sha1-VgiurfwAvmwpAd9fmGF4jeDVl8g=",
      "dev": true
    }
  }
}
